// !$*UTF8*$!
{
	archiveVersion = 1;
	classes = {
	};
	objectVersion = 46;
	objects = {

/* Begin PBXBuildFile section */
		2BF06EBB1A7573F800074E13 /* main.m in Sources */ = {isa = PBXBuildFile; fileRef = 2BF06EBA1A7573F800074E13 /* main.m */; };
		2BF06EBE1A7573F800074E13 /* AppDelegate.m in Sources */ = {isa = PBXBuildFile; fileRef = 2BF06EBD1A7573F800074E13 /* AppDelegate.m */; };
		2BF06EC11A7573F800074E13 /* ViewController.m in Sources */ = {isa = PBXBuildFile; fileRef = 2BF06EC01A7573F800074E13 /* ViewController.m */; };
		2BF06EC41A7573F800074E13 /* Main.storyboard in Resources */ = {isa = PBXBuildFile; fileRef = 2BF06EC21A7573F800074E13 /* Main.storyboard */; };
		2BF06EC61A7573F800074E13 /* Images.xcassets in Resources */ = {isa = PBXBuildFile; fileRef = 2BF06EC51A7573F800074E13 /* Images.xcassets */; };
		2BF06EC91A7573F800074E13 /* LaunchScreen.xib in Resources */ = {isa = PBXBuildFile; fileRef = 2BF06EC71A7573F800074E13 /* LaunchScreen.xib */; };
		2BF06ED51A7573F900074E13 /* ColourPickerTests.m in Sources */ = {isa = PBXBuildFile; fileRef = 2BF06ED41A7573F900074E13 /* ColourPickerTests.m */; };
		2BF06EE01A7574CB00074E13 /* HueColour.m in Sources */ = {isa = PBXBuildFile; fileRef = 2BF06EDF1A7574CB00074E13 /* HueColour.m */; };
/* End PBXBuildFile section */

/* Begin PBXContainerItemProxy section */
		2BF06ECF1A7573F900074E13 /* PBXContainerItemProxy */ = {
			isa = PBXContainerItemProxy;
			containerPortal = 2BF06EAD1A7573F800074E13 /* Project object */;
			proxyType = 1;
			remoteGlobalIDString = 2BF06EB41A7573F800074E13;
			remoteInfo = ColourPicker;
		};
/* End PBXContainerItemProxy section */

/* Begin PBXFileReference section */
		2BF06EB51A7573F800074E13 /* ColourPicker.app */ = {isa = PBXFileReference; explicitFileType = wrapper.application; includeInIndex = 0; path = ColourPicker.app; sourceTree = BUILT_PRODUCTS_DIR; };
		2BF06EB91A7573F800074E13 /* Info.plist */ = {isa = PBXFileReference; lastKnownFileType = text.plist.xml; path = Info.plist; sourceTree = "<group>"; };
		2BF06EBA1A7573F800074E13 /* main.m */ = {isa = PBXFileReference; lastKnownFileType = sourcecode.c.objc; path = main.m; sourceTree = "<group>"; };
		2BF06EBC1A7573F800074E13 /* AppDelegate.h */ = {isa = PBXFileReference; lastKnownFileType = sourcecode.c.h; path = AppDelegate.h; sourceTree = "<group>"; };
		2BF06EBD1A7573F800074E13 /* AppDelegate.m */ = {isa = PBXFileReference; lastKnownFileType = sourcecode.c.objc; path = AppDelegate.m; sourceTree = "<group>"; };
		2BF06EBF1A7573F800074E13 /* ViewController.h */ = {isa = PBXFileReference; lastKnownFileType = sourcecode.c.h; path = ViewController.h; sourceTree = "<group>"; };
		2BF06EC01A7573F800074E13 /* ViewController.m */ = {isa = PBXFileReference; lastKnownFileType = sourcecode.c.objc; path = ViewController.m; sourceTree = "<group>"; };
		2BF06EC31A7573F800074E13 /* Base */ = {isa = PBXFileReference; lastKnownFileType = file.storyboard; name = Base; path = Base.lproj/Main.storyboard; sourceTree = "<group>"; };
		2BF06EC51A7573F800074E13 /* Images.xcassets */ = {isa = PBXFileReference; lastKnownFileType = folder.assetcatalog; path = Images.xcassets; sourceTree = "<group>"; };
		2BF06EC81A7573F800074E13 /* Base */ = {isa = PBXFileReference; lastKnownFileType = file.xib; name = Base; path = Base.lproj/LaunchScreen.xib; sourceTree = "<group>"; };
		2BF06ECE1A7573F900074E13 /* ColourPickerTests.xctest */ = {isa = PBXFileReference; explicitFileType = wrapper.cfbundle; includeInIndex = 0; path = ColourPickerTests.xctest; sourceTree = BUILT_PRODUCTS_DIR; };
		2BF06ED31A7573F900074E13 /* Info.plist */ = {isa = PBXFileReference; lastKnownFileType = text.plist.xml; path = Info.plist; sourceTree = "<group>"; };
		2BF06ED41A7573F900074E13 /* ColourPickerTests.m */ = {isa = PBXFileReference; lastKnownFileType = sourcecode.c.objc; path = ColourPickerTests.m; sourceTree = "<group>"; };
		2BF06EDE1A7574CB00074E13 /* HueColour.h */ = {isa = PBXFileReference; fileEncoding = 4; lastKnownFileType = sourcecode.c.h; path = HueColour.h; sourceTree = "<group>"; };
		2BF06EDF1A7574CB00074E13 /* HueColour.m */ = {isa = PBXFileReference; fileEncoding = 4; lastKnownFileType = sourcecode.c.objc; path = HueColour.m; sourceTree = "<group>"; };
/* End PBXFileReference section */

/* Begin PBXFrameworksBuildPhase section */
		2BF06EB21A7573F800074E13 /* Frameworks */ = {
			isa = PBXFrameworksBuildPhase;
			buildActionMask = 2147483647;
			files = (
			);
			runOnlyForDeploymentPostprocessing = 0;
		};
		2BF06ECB1A7573F900074E13 /* Frameworks */ = {
			isa = PBXFrameworksBuildPhase;
			buildActionMask = 2147483647;
			files = (
			);
			runOnlyForDeploymentPostprocessing = 0;
		};
/* End PBXFrameworksBuildPhase section */

/* Begin PBXGroup section */
		2BF06EAC1A7573F800074E13 = {
			isa = PBXGroup;
			children = (
				2BF06EB71A7573F800074E13 /* ColourPicker */,
				2BF06ED11A7573F900074E13 /* ColourPickerTests */,
				2BF06EB61A7573F800074E13 /* Products */,
			);
			sourceTree = "<group>";
		};
		2BF06EB61A7573F800074E13 /* Products */ = {
			isa = PBXGroup;
			children = (
				2BF06EB51A7573F800074E13 /* ColourPicker.app */,
				2BF06ECE1A7573F900074E13 /* ColourPickerTests.xctest */,
			);
			name = Products;
			sourceTree = "<group>";
		};
		2BF06EB71A7573F800074E13 /* ColourPicker */ = {
			isa = PBXGroup;
			children = (
				2BF06EBC1A7573F800074E13 /* AppDelegate.h */,
				2BF06EBD1A7573F800074E13 /* AppDelegate.m */,
				2BF06EBF1A7573F800074E13 /* ViewController.h */,
				2BF06EC01A7573F800074E13 /* ViewController.m */,
				2BF06EC21A7573F800074E13 /* Main.storyboard */,
				2BF06EC51A7573F800074E13 /* Images.xcassets */,
				2BF06EC71A7573F800074E13 /* LaunchScreen.xib */,
				2BF06EB81A7573F800074E13 /* Supporting Files */,
				2BF06EDE1A7574CB00074E13 /* HueColour.h */,
				2BF06EDF1A7574CB00074E13 /* HueColour.m */,
			);
			path = ColourPicker;
			sourceTree = "<group>";
		};
		2BF06EB81A7573F800074E13 /* Supporting Files */ = {
			isa = PBXGroup;
			children = (
				2BF06EB91A7573F800074E13 /* Info.plist */,
				2BF06EBA1A7573F800074E13 /* main.m */,
			);
			name = "Supporting Files";
			sourceTree = "<group>";
		};
		2BF06ED11A7573F900074E13 /* ColourPickerTests */ = {
			isa = PBXGroup;
			children = (
				2BF06ED41A7573F900074E13 /* ColourPickerTests.m */,
				2BF06ED21A7573F900074E13 /* Supporting Files */,
			);
			path = ColourPickerTests;
			sourceTree = "<group>";
		};
		2BF06ED21A7573F900074E13 /* Supporting Files */ = {
			isa = PBXGroup;
			children = (
				2BF06ED31A7573F900074E13 /* Info.plist */,
			);
			name = "Supporting Files";
			sourceTree = "<group>";
		};
/* End PBXGroup section */

/* Begin PBXNativeTarget section */
		2BF06EB41A7573F800074E13 /* ColourPicker */ = {
			isa = PBXNativeTarget;
			buildConfigurationList = 2BF06ED81A7573F900074E13 /* Build configuration list for PBXNativeTarget "ColourPicker" */;
			buildPhases = (
				2BF06EB11A7573F800074E13 /* Sources */,
				2BF06EB21A7573F800074E13 /* Frameworks */,
				2BF06EB31A7573F800074E13 /* Resources */,
			);
			buildRules = (
			);
			dependencies = (
			);
			name = ColourPicker;
			productName = ColourPicker;
			productReference = 2BF06EB51A7573F800074E13 /* ColourPicker.app */;
			productType = "com.apple.product-type.application";
		};
		2BF06ECD1A7573F900074E13 /* ColourPickerTests */ = {
			isa = PBXNativeTarget;
			buildConfigurationList = 2BF06EDB1A7573F900074E13 /* Build configuration list for PBXNativeTarget "ColourPickerTests" */;
			buildPhases = (
				2BF06ECA1A7573F900074E13 /* Sources */,
				2BF06ECB1A7573F900074E13 /* Frameworks */,
				2BF06ECC1A7573F900074E13 /* Resources */,
			);
			buildRules = (
			);
			dependencies = (
				2BF06ED01A7573F900074E13 /* PBXTargetDependency */,
			);
			name = ColourPickerTests;
			productName = ColourPickerTests;
			productReference = 2BF06ECE1A7573F900074E13 /* ColourPickerTests.xctest */;
			productType = "com.apple.product-type.bundle.unit-test";
		};
/* End PBXNativeTarget section */

/* Begin PBXProject section */
		2BF06EAD1A7573F800074E13 /* Project object */ = {
			isa = PBXProject;
			attributes = {
				LastUpgradeCheck = 0610;
				TargetAttributes = {
					2BF06EB41A7573F800074E13 = {
						CreatedOnToolsVersion = 6.1;
					};
					2BF06ECD1A7573F900074E13 = {
						CreatedOnToolsVersion = 6.1;
						TestTargetID = 2BF06EB41A7573F800074E13;
					};
				};
			};
			buildConfigurationList = 2BF06EB01A7573F800074E13 /* Build configuration list for PBXProject "ColourPicker" */;
			compatibilityVersion = "Xcode 3.2";
			developmentRegion = English;
			hasScannedForEncodings = 0;
			knownRegions = (
				en,
				Base,
			);
			mainGroup = 2BF06EAC1A7573F800074E13;
			productRefGroup = 2BF06EB61A7573F800074E13 /* Products */;
			projectDirPath = "";
			projectRoot = "";
			targets = (
				2BF06EB41A7573F800074E13 /* ColourPicker */,
				2BF06ECD1A7573F900074E13 /* ColourPickerTests */,
			);
		};
/* End PBXProject section */

/* Begin PBXResourcesBuildPhase section */
		2BF06EB31A7573F800074E13 /* Resources */ = {
			isa = PBXResourcesBuildPhase;
			buildActionMask = 2147483647;
			files = (
				2BF06EC41A7573F800074E13 /* Main.storyboard in Resources */,
				2BF06EC91A7573F800074E13 /* LaunchScreen.xib in Resources */,
				2BF06EC61A7573F800074E13 /* Images.xcassets in Resources */,
			);
			runOnlyForDeploymentPostprocessing = 0;
		};
		2BF06ECC1A7573F900074E13 /* Resources */ = {
			isa = PBXResourcesBuildPhase;
			buildActionMask = 2147483647;
			files = (
			);
			runOnlyForDeploymentPostprocessing = 0;
		};
/* End PBXResourcesBuildPhase section */

/* Begin PBXSourcesBuildPhase section */
		2BF06EB11A7573F800074E13 /* Sources */ = {
			isa = PBXSourcesBuildPhase;
			buildActionMask = 2147483647;
			files = (
				2BF06EE01A7574CB00074E13 /* HueColour.m in Sources */,
				2BF06EC11A7573F800074E13 /* ViewController.m in Sources */,
				2BF06EBE1A7573F800074E13 /* AppDelegate.m in Sources */,
				2BF06EBB1A7573F800074E13 /* main.m in Sources */,
			);
			runOnlyForDeploymentPostprocessing = 0;
		};
		2BF06ECA1A7573F900074E13 /* Sources */ = {
			isa = PBXSourcesBuildPhase;
			buildActionMask = 2147483647;
			files = (
				2BF06ED51A7573F900074E13 /* ColourPickerTests.m in Sources */,
			);
			runOnlyForDeploymentPostprocessing = 0;
		};
/* End PBXSourcesBuildPhase section */

/* Begin PBXTargetDependency section */
		2BF06ED01A7573F900074E13 /* PBXTargetDependency */ = {
			isa = PBXTargetDependency;
			target = 2BF06EB41A7573F800074E13 /* ColourPicker */;
			targetProxy = 2BF06ECF1A7573F900074E13 /* PBXContainerItemProxy */;
		};
/* End PBXTargetDependency section */

/* Begin PBXVariantGroup section */
		2BF06EC21A7573F800074E13 /* Main.storyboard */ = {
			isa = PBXVariantGroup;
			children = (
				2BF06EC31A7573F800074E13 /* Base */,
			);
			name = Main.storyboard;
			sourceTree = "<group>";
		};
		2BF06EC71A7573F800074E13 /* LaunchScreen.xib */ = {
			isa = PBXVariantGroup;
			children = (
				2BF06EC81A7573F800074E13 /* Base */,
			);
			name = LaunchScreen.xib;
			sourceTree = "<group>";
		};
/* End PBXVariantGroup section */

/* Begin XCBuildConfiguration section */
		2BF06ED61A7573F900074E13 /* Debug */ = {
			isa = XCBuildConfiguration;
			buildSettings = {
				ALWAYS_SEARCH_USER_PATHS = NO;
				CLANG_CXX_LANGUAGE_STANDARD = "gnu++0x";
				CLANG_CXX_LIBRARY = "libc++";
				CLANG_ENABLE_MODULES = YES;
				CLANG_ENABLE_OBJC_ARC = YES;
				CLANG_WARN_BOOL_CONVERSION = YES;
				CLANG_WARN_CONSTANT_CONVERSION = YES;
				CLANG_WARN_DIRECT_OBJC_ISA_USAGE = YES_ERROR;
				CLANG_WARN_EMPTY_BODY = YES;
				CLANG_WARN_ENUM_CONVERSION = YES;
				CLANG_WARN_INT_CONVERSION = YES;
				CLANG_WARN_OBJC_ROOT_CLASS = YES_ERROR;
				CLANG_WARN_UNREACHABLE_CODE = YES;
				CLANG_WARN__DUPLICATE_METHOD_MATCH = YES;
				"CODE_SIGN_IDENTITY[sdk=iphoneos*]" = "iPhone Developer";
				COPY_PHASE_STRIP = NO;
				ENABLE_STRICT_OBJC_MSGSEND = YES;
				GCC_C_LANGUAGE_STANDARD = gnu99;
				GCC_DYNAMIC_NO_PIC = NO;
				GCC_OPTIMIZATION_LEVEL = 0;
				GCC_PREPROCESSOR_DEFINITIONS = (
					"DEBUG=1",
					"$(inherited)",
				);
				GCC_SYMBOLS_PRIVATE_EXTERN = NO;
				GCC_WARN_64_TO_32_BIT_CONVERSION = YES;
				GCC_WARN_ABOUT_RETURN_TYPE = YES_ERROR;
				GCC_WARN_UNDECLARED_SELECTOR = YES;
				GCC_WARN_UNINITIALIZED_AUTOS = YES_AGGRESSIVE;
				GCC_WARN_UNUSED_FUNCTION = YES;
				GCC_WARN_UNUSED_VARIABLE = YES;
				IPHONEOS_DEPLOYMENT_TARGET = 8.1;
				MTL_ENABLE_DEBUG_INFO = YES;
				ONLY_ACTIVE_ARCH = YES;
				SDKROOT = iphoneos;
			};
			name = Debug;
		};
		2BF06ED71A7573F900074E13 /* Release */ = {
			isa = XCBuildConfiguration;
			buildSettings = {
				ALWAYS_SEARCH_USER_PATHS = NO;
				CLANG_CXX_LANGUAGE_STANDARD = "gnu++0x";
				CLANG_CXX_LIBRARY = "libc++";
				CLANG_ENABLE_MODULES = YES;
				CLANG_ENABLE_OBJC_ARC = YES;
				CLANG_WARN_BOOL_CONVERSION = YES;
				CLANG_WARN_CONSTANT_CONVERSION = YES;
				CLANG_WARN_DIRECT_OBJC_ISA_USAGE = YES_ERROR;
				CLANG_WARN_EMPTY_BODY = YES;
				CLANG_WARN_ENUM_CONVERSION = YES;
				CLANG_WARN_INT_CONVERSION = YES;
				CLANG_WARN_OBJC_ROOT_CLASS = YES_ERROR;
				CLANG_WARN_UNREACHABLE_CODE = YES;
				CLANG_WARN__DUPLICATE_METHOD_MATCH = YES;
				"CODE_SIGN_IDENTITY[sdk=iphoneos*]" = "iPhone Developer";
				COPY_PHASE_STRIP = YES;
				ENABLE_NS_ASSERTIONS = NO;
				ENABLE_STRICT_OBJC_MSGSEND = YES;
				GCC_C_LANGUAGE_STANDARD = gnu99;
				GCC_WARN_64_TO_32_BIT_CONVERSION = YES;
				GCC_WARN_ABOUT_RETURN_TYPE = YES_ERROR;
				GCC_WARN_UNDECLARED_SELECTOR = YES;
				GCC_WARN_UNINITIALIZED_AUTOS = YES_AGGRESSIVE;
				GCC_WARN_UNUSED_FUNCTION = YES;
				GCC_WARN_UNUSED_VARIABLE = YES;
				IPHONEOS_DEPLOYMENT_TARGET = 8.1;
				MTL_ENABLE_DEBUG_INFO = NO;
				SDKROOT = iphoneos;
				VALIDATE_PRODUCT = YES;
			};
			name = Release;
		};
		2BF06ED91A7573F900074E13 /* Debug */ = {
			isa = XCBuildConfiguration;
			buildSettings = {
				ASSETCATALOG_COMPILER_APPICON_NAME = AppIcon;
				INFOPLIST_FILE = ColourPicker/Info.plist;
				LD_RUNPATH_SEARCH_PATHS = "$(inherited) @executable_path/Frameworks";
				PRODUCT_NAME = "$(TARGET_NAME)";
			};
			name = Debug;
		};
		2BF06EDA1A7573F900074E13 /* Release */ = {
			isa = XCBuildConfiguration;
			buildSettings = {
				ASSETCATALOG_COMPILER_APPICON_NAME = AppIcon;
				INFOPLIST_FILE = ColourPicker/Info.plist;
				LD_RUNPATH_SEARCH_PATHS = "$(inherited) @executable_path/Frameworks";
				PRODUCT_NAME = "$(TARGET_NAME)";
			};
			name = Release;
		};
		2BF06EDC1A7573F900074E13 /* Debug */ = {
			isa = XCBuildConfiguration;
			buildSettings = {
				BUNDLE_LOADER = "$(TEST_HOST)";
				FRAMEWORK_SEARCH_PATHS = (
					"$(SDKROOT)/Developer/Library/Frameworks",
					"$(inherited)",
				);
				GCC_PREPROCESSOR_DEFINITIONS = (
					"DEBUG=1",
					"$(inherited)",
				);
				INFOPLIST_FILE = ColourPickerTests/Info.plist;
				LD_RUNPATH_SEARCH_PATHS = "$(inherited) @executable_path/Frameworks @loader_path/Frameworks";
				PRODUCT_NAME = "$(TARGET_NAME)";
				TEST_HOST = "$(BUILT_PRODUCTS_DIR)/ColourPicker.app/ColourPicker";
			};
			name = Debug;
		};
		2BF06EDD1A7573F900074E13 /* Release */ = {
			isa = XCBuildConfiguration;
			buildSettings = {
				BUNDLE_LOADER = "$(TEST_HOST)";
				FRAMEWORK_SEARCH_PATHS = (
					"$(SDKROOT)/Developer/Library/Frameworks",
					"$(inherited)",
				);
				INFOPLIST_FILE = ColourPickerTests/Info.plist;
				LD_RUNPATH_SEARCH_PATHS = "$(inherited) @executable_path/Frameworks @loader_path/Frameworks";
				PRODUCT_NAME = "$(TARGET_NAME)";
				TEST_HOST = "$(BUILT_PRODUCTS_DIR)/ColourPicker.app/ColourPicker";
			};
			name = Release;
		};
/* End XCBuildConfiguration section */

/* Begin XCConfigurationList section */
		2BF06EB01A7573F800074E13 /* Build configuration list for PBXProject "ColourPicker" */ = {
			isa = XCConfigurationList;
			buildConfigurations = (
				2BF06ED61A7573F900074E13 /* Debug */,
				2BF06ED71A7573F900074E13 /* Release */,
			);
			defaultConfigurationIsVisible = 0;
			defaultConfigurationName = Release;
		};
		2BF06ED81A7573F900074E13 /* Build configuration list for PBXNativeTarget "ColourPicker" */ = {
			isa = XCConfigurationList;
			buildConfigurations = (
				2BF06ED91A7573F900074E13 /* Debug */,
				2BF06EDA1A7573F900074E13 /* Release */,
			);
			defaultConfigurationIsVisible = 0;
		};
		2BF06EDB1A7573F900074E13 /* Build configuration list for PBXNativeTarget "ColourPickerTests" */ = {
			isa = XCConfigurationList;
			buildConfigurations = (
				2BF06EDC1A7573F900074E13 /* Debug */,
				2BF06EDD1A7573F900074E13 /* Release */,
			);
			defaultConfigurationIsVisible = 0;
		};
/* End XCConfigurationList section */
	};
	rootObject = 2BF06EAD1A7573F800074E13 /* Project object */;
}
